
Microsoft Visual Studio Solution File, Format Version 12.00
# Visual Studio Version 16
VisualStudioVersion = 25.0.1705.2
MinimumVisualStudioVersion = 10.0.40219.1
Project("{FAE04EC0-301F-11D3-BF4B-00C04F79EFBC}") = "ApiMovies", "ApiMovies\ApiMovies.csproj", "{94E9ADA1-9F16-41E3-BFCD-ECDDB8DF151A}"
EndProject
Project("{2150E333-8FDC-42A3-9474-1A3956D46DE8}") = "Solution Items", "Solution Items", "{4A99AB3E-1884-423A-809D-BFAA8DEE1F61}"
	ProjectSection(SolutionItems) = preProject
		.editorconfig = .editorconfig
	EndProjectSection
EndProject
Global
	GlobalSection(SolutionConfigurationPlatforms) = preSolution
		Debug|Any CPU = Debug|Any CPU
		Release|Any CPU = Release|Any CPU
	EndGlobalSection
	GlobalSection(ProjectConfigurationPlatforms) = postSolution
		{94E9ADA1-9F16-41E3-BFCD-ECDDB8DF151A}.Debug|Any CPU.ActiveCfg = Debug|Any CPU
		{94E9ADA1-9F16-41E3-BFCD-ECDDB8DF151A}.Debug|Any CPU.Build.0 = Debug|Any CPU
		{94E9ADA1-9F16-41E3-BFCD-ECDDB8DF151A}.Release|Any CPU.ActiveCfg = Release|Any CPU
		{94E9ADA1-9F16-41E3-BFCD-ECDDB8DF151A}.Release|Any CPU.Build.0 = Release|Any CPU
	EndGlobalSection
	GlobalSection(SolutionProperties) = preSolution
		HideSolutionNode = FALSE
	EndGlobalSection
	GlobalSection(ExtensibilityGlobals) = postSolution
		SolutionGuid = {D19AF7D1-D18D-4781-92FC-1845907F2C8B}
	EndGlobalSection
EndGlobal
